{
  "version": 4,
  "terraform_version": "1.0.9",
  "serial": 3,
  "lineage": "240e193a-6e20-56aa-eb3a-6cdea8281f2f",
  "outputs": {},
  "resources": [
    {
      "mode": "managed",
      "type": "oci_core_subnet",
      "name": "dev",
      "provider": "provider[\"registry.terraform.io/hashicorp/oci\"]",
      "instances": [
        {
          "schema_version": 0,
          "attributes": {
            "availability_domain": null,
            "cidr_block": "172.16.0.0/24",
            "compartment_id": "ocid1.compartment.oc1..aaaaaaaan3vsxhesps6cybla3hgyg6gyj5rkma3sumunoqz7vtrepqb26xwa",
            "defined_tags": {
              "Oracle-Tags.CreatedBy": "oracleidentitycloudservice/kareem.adamu.mahe@oracle.com",
              "Oracle-Tags.CreatedOn": "2021-10-15T18:03:57.870Z"
            },
            "dhcp_options_id": "ocid1.dhcpoptions.oc1.iad.aaaaaaaaouytozoj5gbmnsbphtjjbxh5lfrug26hdhfy6afwim4ahk7paqia",
            "display_name": "Dev subnet",
            "dns_label": "dev",
            "freeform_tags": {},
            "id": "ocid1.subnet.oc1.iad.aaaaaaaa5g6pwculwtnui3pshgcepgtpvnyywmrsxkeku333t5l7ykrni2za",
            "ipv6cidr_block": null,
            "ipv6virtual_router_ip": null,
            "prohibit_internet_ingress": true,
            "prohibit_public_ip_on_vnic": true,
            "route_table_id": "ocid1.routetable.oc1.iad.aaaaaaaaiip7a4ac5iga2edbxxyf2x5e26sbxfoo5evhc7tbwfma7szgw4gq",
            "security_list_ids": [
              "ocid1.securitylist.oc1.iad.aaaaaaaaox5ndi5bpk3aaegirthqei26sn3h4vwrmileaiiufmakvd3yknla"
            ],
            "state": "AVAILABLE",
            "subnet_domain_name": "dev.internal.oraclevcn.com",
            "time_created": "2021-10-15 18:03:57.928 +0000 UTC",
            "timeouts": null,
            "vcn_id": "ocid1.vcn.oc1.iad.amaaaaaawe6j4fqalbzasfnu6avkuxo2ujutcivwvhomvoxihrt6brdl5spq",
            "virtual_router_ip": "172.16.0.1",
            "virtual_router_mac": "00:00:17:2F:72:ED"
          },
          "sensitive_attributes": [],
          "private": "eyJlMmJmYjczMC1lY2FhLTExZTYtOGY4OC0zNDM2M2JjN2M0YzAiOnsiY3JlYXRlIjoxMjAwMDAwMDAwMDAwLCJkZWxldGUiOjEyMDAwMDAwMDAwMDAsInVwZGF0ZSI6MTIwMDAwMDAwMDAwMH19",
          "dependencies": [
            "oci_core_vcn.internal"
          ]
        }
      ]
    },
    {
      "mode": "managed",
      "type": "oci_core_vcn",
      "name": "internal",
      "provider": "provider[\"registry.terraform.io/hashicorp/oci\"]",
      "instances": [
        {
          "schema_version": 0,
          "attributes": {
            "cidr_block": "172.16.0.0/20",
            "cidr_blocks": [
              "172.16.0.0/20"
            ],
            "compartment_id": "ocid1.compartment.oc1..aaaaaaaan3vsxhesps6cybla3hgyg6gyj5rkma3sumunoqz7vtrepqb26xwa",
            "default_dhcp_options_id": "ocid1.dhcpoptions.oc1.iad.aaaaaaaaouytozoj5gbmnsbphtjjbxh5lfrug26hdhfy6afwim4ahk7paqia",
            "default_route_table_id": "ocid1.routetable.oc1.iad.aaaaaaaaiip7a4ac5iga2edbxxyf2x5e26sbxfoo5evhc7tbwfma7szgw4gq",
            "default_security_list_id": "ocid1.securitylist.oc1.iad.aaaaaaaaox5ndi5bpk3aaegirthqei26sn3h4vwrmileaiiufmakvd3yknla",
            "defined_tags": {
              "Oracle-Tags.CreatedBy": "oracleidentitycloudservice/kareem.adamu.mahe@oracle.com",
              "Oracle-Tags.CreatedOn": "2021-10-15T18:03:56.666Z"
            },
            "display_name": "My internal VCN",
            "dns_label": "internal",
            "freeform_tags": {},
            "id": "ocid1.vcn.oc1.iad.amaaaaaawe6j4fqalbzasfnu6avkuxo2ujutcivwvhomvoxihrt6brdl5spq",
            "ipv6cidr_blocks": [],
            "is_ipv6enabled": false,
            "state": "AVAILABLE",
            "time_created": "2021-10-15 18:03:56.853 +0000 UTC",
            "timeouts": null,
            "vcn_domain_name": "internal.oraclevcn.com"
          },
          "sensitive_attributes": [],
          "private": "eyJlMmJmYjczMC1lY2FhLTExZTYtOGY4OC0zNDM2M2JjN2M0YzAiOnsiY3JlYXRlIjoxMjAwMDAwMDAwMDAwLCJkZWxldGUiOjEyMDAwMDAwMDAwMDAsInVwZGF0ZSI6MTIwMDAwMDAwMDAwMH19"
        }
      ]
    }
  ]
}
